
Microsoft Visual Studio Solution File, Format Version 12.00
# Visual Studio Version 17
VisualStudioVersion = 17.7.34221.43
MinimumVisualStudioVersion = 10.0.40219.1
Project("{FAE04EC0-301F-11D3-BF4B-00C04F79EFBC}") = "Mensageria.RabbitMq.Producer", "Mensageria.RabbitMq.Producer\Mensageria.RabbitMq.Producer.csproj", "{D62EB6DA-CDA8-40A6-8503-911E64EBB361}"
EndProject
Project("{FAE04EC0-301F-11D3-BF4B-00C04F79EFBC}") = "Mensageria.RabbitMq.Consumer", "Mensageria.RabbitMq.Consumer\Mensageria.RabbitMq.Consumer.csproj", "{DCCE3AC7-33E0-4BA4-BA5F-1C8AF9FAC133}"
EndProject
Global
	GlobalSection(SolutionConfigurationPlatforms) = preSolution
		Debug|Any CPU = Debug|Any CPU
		Release|Any CPU = Release|Any CPU
	EndGlobalSection
	GlobalSection(ProjectConfigurationPlatforms) = postSolution
		{D62EB6DA-CDA8-40A6-8503-911E64EBB361}.Debug|Any CPU.ActiveCfg = Debug|Any CPU
		{D62EB6DA-CDA8-40A6-8503-911E64EBB361}.Debug|Any CPU.Build.0 = Debug|Any CPU
		{D62EB6DA-CDA8-40A6-8503-911E64EBB361}.Release|Any CPU.ActiveCfg = Release|Any CPU
		{D62EB6DA-CDA8-40A6-8503-911E64EBB361}.Release|Any CPU.Build.0 = Release|Any CPU
		{DCCE3AC7-33E0-4BA4-BA5F-1C8AF9FAC133}.Debug|Any CPU.ActiveCfg = Debug|Any CPU
		{DCCE3AC7-33E0-4BA4-BA5F-1C8AF9FAC133}.Debug|Any CPU.Build.0 = Debug|Any CPU
		{DCCE3AC7-33E0-4BA4-BA5F-1C8AF9FAC133}.Release|Any CPU.ActiveCfg = Release|Any CPU
		{DCCE3AC7-33E0-4BA4-BA5F-1C8AF9FAC133}.Release|Any CPU.Build.0 = Release|Any CPU
	EndGlobalSection
	GlobalSection(SolutionProperties) = preSolution
		HideSolutionNode = FALSE
	EndGlobalSection
	GlobalSection(ExtensibilityGlobals) = postSolution
		SolutionGuid = {EF625F77-1096-494C-9300-DEFB906C01B9}
	EndGlobalSection
EndGlobal
